<Solution>
  <Folder Name="/src/">
    <Project Path="src\Potok.Backend.Gateway\Potok.Backend.Gateway.csproj" />
    <Project Path="src\Potok.Backend.SearchEngine\Potok.Backend.SearchEngine.csproj" />
  </Folder>
  <Project Path="src\Potok.Backend.Core\Potok.Backend.Core.csproj" />
  <Project Path="src\Potok.Backend.Infrastructure\Potok.Backend.Infrastructure.csproj" />
  <Project Path="src\Potok.Backend.CompositionTests\Potok.Backend.CompositionTests.csproj" />
</Solution>
